
Microsoft Visual Studio Solution File, Format Version 12.00
Project("{FAE04EC0-301F-11D3-BF4B-00C04F79EFBC}") = "FizzBuzzApp", "FizzBuzzApp.csproj", "{78E4D550-EEC5-48DF-95C5-7331D1B6FF15}"
EndProject
Project("{FAE04EC0-301F-11D3-BF4B-00C04F79EFBC}") = "FizzBuzzTests", "FizzBuzzTests\FizzBuzzTests.csproj", "{0974F218-246D-48F8-A2AA-4F75DBF2E9D0}"
EndProject
Global
	GlobalSection(SolutionConfigurationPlatforms) = preSolution
		Debug|Any CPU = Debug|Any CPU
		Release|Any CPU = Release|Any CPU
	EndGlobalSection
	GlobalSection(ProjectConfigurationPlatforms) = postSolution
		{78E4D550-EEC5-48DF-95C5-7331D1B6FF15}.Debug|Any CPU.ActiveCfg = Debug|Any CPU
		{78E4D550-EEC5-48DF-95C5-7331D1B6FF15}.Debug|Any CPU.Build.0 = Debug|Any CPU
		{78E4D550-EEC5-48DF-95C5-7331D1B6FF15}.Release|Any CPU.ActiveCfg = Release|Any CPU
		{78E4D550-EEC5-48DF-95C5-7331D1B6FF15}.Release|Any CPU.Build.0 = Release|Any CPU
		{0974F218-246D-48F8-A2AA-4F75DBF2E9D0}.Debug|Any CPU.ActiveCfg = Debug|Any CPU
		{0974F218-246D-48F8-A2AA-4F75DBF2E9D0}.Debug|Any CPU.Build.0 = Debug|Any CPU
		{0974F218-246D-48F8-A2AA-4F75DBF2E9D0}.Release|Any CPU.ActiveCfg = Release|Any CPU
		{0974F218-246D-48F8-A2AA-4F75DBF2E9D0}.Release|Any CPU.Build.0 = Release|Any CPU
	EndGlobalSection
EndGlobal
